
Microsoft Visual Studio Solution File, Format Version 12.00
# Visual Studio Version 17
VisualStudioVersion = 17.2.32516.85
MinimumVisualStudioVersion = 10.0.40219.1
Project("{FAE04EC0-301F-11D3-BF4B-00C04F79EFBC}") = "ITI_Final_Project", "ITI_Final_Project\ITI_Final_Project.csproj", "{12FE3D22-EE83-40B9-A1BA-C4DFBC41D981}"
EndProject
Global
	GlobalSection(SolutionConfigurationPlatforms) = preSolution
		Debug|Any CPU = Debug|Any CPU
		Release|Any CPU = Release|Any CPU
	EndGlobalSection
	GlobalSection(ProjectConfigurationPlatforms) = postSolution
		{12FE3D22-EE83-40B9-A1BA-C4DFBC41D981}.Debug|Any CPU.ActiveCfg = Debug|Any CPU
		{12FE3D22-EE83-40B9-A1BA-C4DFBC41D981}.Debug|Any CPU.Build.0 = Debug|Any CPU
		{12FE3D22-EE83-40B9-A1BA-C4DFBC41D981}.Release|Any CPU.ActiveCfg = Release|Any CPU
		{12FE3D22-EE83-40B9-A1BA-C4DFBC41D981}.Release|Any CPU.Build.0 = Release|Any CPU
	EndGlobalSection
	GlobalSection(SolutionProperties) = preSolution
		HideSolutionNode = FALSE
	EndGlobalSection
	GlobalSection(ExtensibilityGlobals) = postSolution
		SolutionGuid = {72FEFF04-7047-41E3-B023-30A3FD2BDB13}
	EndGlobalSection
EndGlobal
